
Microsoft Visual Studio Solution File, Format Version 12.00
# Visual Studio Version 17
VisualStudioVersion = 17.8.34511.84
MinimumVisualStudioVersion = 10.0.40219.1
Project("{FAE04EC0-301F-11D3-BF4B-00C04F79EFBC}") = "TinyUrl", "TinyUrl\TinyUrl.csproj", "{C9836B89-F3D9-45A0-AB8D-964492ACA89C}"
EndProject
Project("{E53339B2-1760-4266-BCC7-CA923CBCF16C}") = "docker-compose", "docker-compose.dcproj", "{57D36F1D-1351-4ACD-8062-3E3830D1168D}"
EndProject
Global
	GlobalSection(SolutionConfigurationPlatforms) = preSolution
		Debug|Any CPU = Debug|Any CPU
		Release|Any CPU = Release|Any CPU
	EndGlobalSection
	GlobalSection(ProjectConfigurationPlatforms) = postSolution
		{C9836B89-F3D9-45A0-AB8D-964492ACA89C}.Debug|Any CPU.ActiveCfg = Debug|Any CPU
		{C9836B89-F3D9-45A0-AB8D-964492ACA89C}.Debug|Any CPU.Build.0 = Debug|Any CPU
		{C9836B89-F3D9-45A0-AB8D-964492ACA89C}.Release|Any CPU.ActiveCfg = Release|Any CPU
		{C9836B89-F3D9-45A0-AB8D-964492ACA89C}.Release|Any CPU.Build.0 = Release|Any CPU
		{57D36F1D-1351-4ACD-8062-3E3830D1168D}.Debug|Any CPU.ActiveCfg = Debug|Any CPU
		{57D36F1D-1351-4ACD-8062-3E3830D1168D}.Debug|Any CPU.Build.0 = Debug|Any CPU
		{57D36F1D-1351-4ACD-8062-3E3830D1168D}.Release|Any CPU.ActiveCfg = Release|Any CPU
		{57D36F1D-1351-4ACD-8062-3E3830D1168D}.Release|Any CPU.Build.0 = Release|Any CPU
	EndGlobalSection
	GlobalSection(SolutionProperties) = preSolution
		HideSolutionNode = FALSE
	EndGlobalSection
	GlobalSection(ExtensibilityGlobals) = postSolution
		SolutionGuid = {29B2B911-CB57-43CF-AA28-335DAD2D4901}
	EndGlobalSection
EndGlobal
